# This file is autogenerated, do not edit; changes may be undone by the next 'dep ensure'.


[[projects]]
  digest = "1:76dc72490af7174349349838f2fe118996381b31ea83243812a97e5a0fd5ed55"
  name = "github.com/dgrijalva/jwt-go"
  packages = ["."]
  pruneopts = "UT"
  revision = "06ea1031745cb8b3dab3f6a236daf2b0aa468b7e"
  version = "v3.2.0"

[[projects]]
  digest = "1:bbba45b09b3b502dc39afb36c3e9f89b9c2832b1f6d673277c97eade8875e462"
  name = "github.com/google/uuid"
  packages = ["."]
  pruneopts = "UT"
  revision = "44b5fee7c49cf3bcdf723f106b36d56ef13ccc88"
  version = "v1.3.0"

[[projects]]
  digest = "1:6078383dbb7405bfa3ce16957f37564e3b716afa29b6eb45ffdb6674624d1e0d"
  name = "github.com/gorilla/mux"
  packages = ["."]
  pruneopts = "UT"
  revision = "98cb6bf42e086f6af920b965c38cacc07402d51b"
  version = "v1.8.0"

[[projects]]
  digest = "1:01ed62f8f4f574d8aff1d88caee113700a2b44c42351943fa73cc1808f736a50"
  name = "github.com/jinzhu/inflection"
  packages = ["."]
  pruneopts = "UT"
  revision = "f5c5f50e6090ae76a29240b61ae2a90dd810112e"
  version = "v1.0.0"

[[projects]]
  digest = "1:c1f7314d3cdaaee1f5338a7e7dc325537ecdc42fee56c3e71d1a6b28aba6fe5c"
  name = "github.com/jinzhu/now"
  packages = ["."]
  pruneopts = "UT"
  revision = "f067b166b35a996b9ff5a0f610225e1458f23adc"
  version = "v1.1.5"

[[projects]]
  digest = "1:edb8e76850063ee3c9ff3e5716fca4e316e14ce61b2a06b6f5f3f9a03dffc209"
  name = "github.com/lib/pq"
  packages = [
    ".",
    "oid",
    "scram",
  ]
  pruneopts = "UT"
  revision = "8c6de565f76fb5cd40a5c1b8ce583fbc3ba1bd0e"
  version = "v1.10.6"

[[projects]]
  digest = "1:cf0eeff871fb146d0a77cfb6eecc38e79f7458fe6d05726ee59654d9799711ca"
  name = "gorm.io/driver/postgres"
  packages = ["."]
  pruneopts = "UT"
  revision = "2591a12c4fdf62e81734996d0361db21fe90ae45"
  version = "v0.2.4"

[[projects]]
  digest = "1:10dfe50bbc1aa71d1b7be21f795c51db6c6982f27b8cf74e308fe6c47434b45c"
  name = "gorm.io/gorm"
  packages = [
    ".",
    "callbacks",
    "clause",
    "logger",
    "migrator",
    "schema",
    "utils",
  ]
  pruneopts = "UT"
  revision = "9fd73ae4f1f638e4c49ae4e6fab8beb9863adabc"
  version = "v1.23.8"

[solve-meta]
  analyzer-name = "dep"
  analyzer-version = 1
  input-imports = [
    "github.com/dgrijalva/jwt-go",
    "github.com/google/uuid",
    "github.com/gorilla/mux",
    "github.com/lib/pq",
    "gorm.io/driver/postgres",
    "gorm.io/gorm",
  ]
  solver-name = "gps-cdcl"
  solver-version = 1
